
Microsoft Visual Studio Solution File, Format Version 12.00
# Visual Studio Version 16
VisualStudioVersion = 16.0.30204.135
MinimumVisualStudioVersion = 10.0.40219.1
Project("{9A19103F-16F7-4668-BE54-9A1E7A4F7556}") = "Entropy calc", "ConsoleApp1\Entropy calc.csproj", "{7E7F4BEC-C6D2-474F-B00E-130E8D63466B}"
EndProject
Global
	GlobalSection(SolutionConfigurationPlatforms) = preSolution
		Debug|Any CPU = Debug|Any CPU
		Release|Any CPU = Release|Any CPU
	EndGlobalSection
	GlobalSection(ProjectConfigurationPlatforms) = postSolution
		{7E7F4BEC-C6D2-474F-B00E-130E8D63466B}.Debug|Any CPU.ActiveCfg = Debug|Any CPU
		{7E7F4BEC-C6D2-474F-B00E-130E8D63466B}.Debug|Any CPU.Build.0 = Debug|Any CPU
		{7E7F4BEC-C6D2-474F-B00E-130E8D63466B}.Release|Any CPU.ActiveCfg = Release|Any CPU
		{7E7F4BEC-C6D2-474F-B00E-130E8D63466B}.Release|Any CPU.Build.0 = Release|Any CPU
	EndGlobalSection
	GlobalSection(SolutionProperties) = preSolution
		HideSolutionNode = FALSE
	EndGlobalSection
	GlobalSection(ExtensibilityGlobals) = postSolution
		SolutionGuid = {561C05C1-E507-4D61-B289-D5123ED6ADF9}
	EndGlobalSection
EndGlobal
